// !$*UTF8*$!
{
	archiveVersion = 1;
	classes = {
	};
	objectVersion = 56;
	objects = {

/* Begin PBXBuildFile section */
		89ED2F672992B29400C5E6EF /* AppDelegate.swift in Sources */ = {isa = PBXBuildFile; fileRef = 89ED2F662992B29400C5E6EF /* AppDelegate.swift */; };
		89ED2F692992B29400C5E6EF /* SceneDelegate.swift in Sources */ = {isa = PBXBuildFile; fileRef = 89ED2F682992B29400C5E6EF /* SceneDelegate.swift */; };
		89ED2F6B2992B29400C5E6EF /* ViewController.swift in Sources */ = {isa = PBXBuildFile; fileRef = 89ED2F6A2992B29400C5E6EF /* ViewController.swift */; };
		89ED2F6E2992B29400C5E6EF /* Main.storyboard in Resources */ = {isa = PBXBuildFile; fileRef = 89ED2F6C2992B29400C5E6EF /* Main.storyboard */; };
		89ED2F702992B29600C5E6EF /* Assets.xcassets in Resources */ = {isa = PBXBuildFile; fileRef = 89ED2F6F2992B29600C5E6EF /* Assets.xcassets */; };
		89ED2F732992B29600C5E6EF /* LaunchScreen.storyboard in Resources */ = {isa = PBXBuildFile; fileRef = 89ED2F712992B29600C5E6EF /* LaunchScreen.storyboard */; };
		89ED2F7E2992B29600C5E6EF /* DynamicTableViewCellTests.swift in Sources */ = {isa = PBXBuildFile; fileRef = 89ED2F7D2992B29600C5E6EF /* DynamicTableViewCellTests.swift */; };
		89ED2F882992B29600C5E6EF /* DynamicTableViewCellUITests.swift in Sources */ = {isa = PBXBuildFile; fileRef = 89ED2F872992B29600C5E6EF /* DynamicTableViewCellUITests.swift */; };
		89ED2F8A2992B29600C5E6EF /* DynamicTableViewCellUITestsLaunchTests.swift in Sources */ = {isa = PBXBuildFile; fileRef = 89ED2F892992B29600C5E6EF /* DynamicTableViewCellUITestsLaunchTests.swift */; };
		89ED2F9A2992B32200C5E6EF /* CardCellTableViewCell.swift in Sources */ = {isa = PBXBuildFile; fileRef = 89ED2F982992B32200C5E6EF /* CardCellTableViewCell.swift */; };
		89ED2F9B2992B32200C5E6EF /* CardCellTableViewCell.xib in Resources */ = {isa = PBXBuildFile; fileRef = 89ED2F992992B32200C5E6EF /* CardCellTableViewCell.xib */; };
		89ED2F9F2992B78400C5E6EF /* Card.swift in Sources */ = {isa = PBXBuildFile; fileRef = 89ED2F9E2992B78400C5E6EF /* Card.swift */; };
/* End PBXBuildFile section */

/* Begin PBXContainerItemProxy section */
		89ED2F7A2992B29600C5E6EF /* PBXContainerItemProxy */ = {
			isa = PBXContainerItemProxy;
			containerPortal = 89ED2F5B2992B29400C5E6EF /* Project object */;
			proxyType = 1;
			remoteGlobalIDString = 89ED2F622992B29400C5E6EF;
			remoteInfo = DynamicTableViewCell;
		};
		89ED2F842992B29600C5E6EF /* PBXContainerItemProxy */ = {
			isa = PBXContainerItemProxy;
			containerPortal = 89ED2F5B2992B29400C5E6EF /* Project object */;
			proxyType = 1;
			remoteGlobalIDString = 89ED2F622992B29400C5E6EF;
			remoteInfo = DynamicTableViewCell;
		};
/* End PBXContainerItemProxy section */

/* Begin PBXFileReference section */
		89ED2F632992B29400C5E6EF /* DynamicTableViewCell.app */ = {isa = PBXFileReference; explicitFileType = wrapper.application; includeInIndex = 0; path = DynamicTableViewCell.app; sourceTree = BUILT_PRODUCTS_DIR; };
		89ED2F662992B29400C5E6EF /* AppDelegate.swift */ = {isa = PBXFileReference; lastKnownFileType = sourcecode.swift; path = AppDelegate.swift; sourceTree = "<group>"; };
		89ED2F682992B29400C5E6EF /* SceneDelegate.swift */ = {isa = PBXFileReference; lastKnownFileType = sourcecode.swift; path = SceneDelegate.swift; sourceTree = "<group>"; };
		89ED2F6A2992B29400C5E6EF /* ViewController.swift */ = {isa = PBXFileReference; lastKnownFileType = sourcecode.swift; path = ViewController.swift; sourceTree = "<group>"; };
		89ED2F6D2992B29400C5E6EF /* Base */ = {isa = PBXFileReference; lastKnownFileType = file.storyboard; name = Base; path = Base.lproj/Main.storyboard; sourceTree = "<group>"; };
		89ED2F6F2992B29600C5E6EF /* Assets.xcassets */ = {isa = PBXFileReference; lastKnownFileType = folder.assetcatalog; path = Assets.xcassets; sourceTree = "<group>"; };
		89ED2F722992B29600C5E6EF /* Base */ = {isa = PBXFileReference; lastKnownFileType = file.storyboard; name = Base; path = Base.lproj/LaunchScreen.storyboard; sourceTree = "<group>"; };
		89ED2F742992B29600C5E6EF /* Info.plist */ = {isa = PBXFileReference; lastKnownFileType = text.plist.xml; path = Info.plist; sourceTree = "<group>"; };
		89ED2F792992B29600C5E6EF /* DynamicTableViewCellTests.xctest */ = {isa = PBXFileReference; explicitFileType = wrapper.cfbundle; includeInIndex = 0; path = DynamicTableViewCellTests.xctest; sourceTree = BUILT_PRODUCTS_DIR; };
		89ED2F7D2992B29600C5E6EF /* DynamicTableViewCellTests.swift */ = {isa = PBXFileReference; lastKnownFileType = sourcecode.swift; path = DynamicTableViewCellTests.swift; sourceTree = "<group>"; };
		89ED2F832992B29600C5E6EF /* DynamicTableViewCellUITests.xctest */ = {isa = PBXFileReference; explicitFileType = wrapper.cfbundle; includeInIndex = 0; path = DynamicTableViewCellUITests.xctest; sourceTree = BUILT_PRODUCTS_DIR; };
		89ED2F872992B29600C5E6EF /* DynamicTableViewCellUITests.swift */ = {isa = PBXFileReference; lastKnownFileType = sourcecode.swift; path = DynamicTableViewCellUITests.swift; sourceTree = "<group>"; };
		89ED2F892992B29600C5E6EF /* DynamicTableViewCellUITestsLaunchTests.swift */ = {isa = PBXFileReference; lastKnownFileType = sourcecode.swift; path = DynamicTableViewCellUITestsLaunchTests.swift; sourceTree = "<group>"; };
		89ED2F982992B32200C5E6EF /* CardCellTableViewCell.swift */ = {isa = PBXFileReference; lastKnownFileType = sourcecode.swift; path = CardCellTableViewCell.swift; sourceTree = "<group>"; };
		89ED2F992992B32200C5E6EF /* CardCellTableViewCell.xib */ = {isa = PBXFileReference; lastKnownFileType = file.xib; path = CardCellTableViewCell.xib; sourceTree = "<group>"; };
		89ED2F9E2992B78400C5E6EF /* Card.swift */ = {isa = PBXFileReference; lastKnownFileType = sourcecode.swift; path = Card.swift; sourceTree = "<group>"; };
/* End PBXFileReference section */

/* Begin PBXFrameworksBuildPhase section */
		89ED2F602992B29400C5E6EF /* Frameworks */ = {
			isa = PBXFrameworksBuildPhase;
			buildActionMask = 2147483647;
			files = (
			);
			runOnlyForDeploymentPostprocessing = 0;
		};
		89ED2F762992B29600C5E6EF /* Frameworks */ = {
			isa = PBXFrameworksBuildPhase;
			buildActionMask = 2147483647;
			files = (
			);
			runOnlyForDeploymentPostprocessing = 0;
		};
		89ED2F802992B29600C5E6EF /* Frameworks */ = {
			isa = PBXFrameworksBuildPhase;
			buildActionMask = 2147483647;
			files = (
			);
			runOnlyForDeploymentPostprocessing = 0;
		};
/* End PBXFrameworksBuildPhase section */

/* Begin PBXGroup section */
		89ED2F5A2992B29400C5E6EF = {
			isa = PBXGroup;
			children = (
				89ED2F652992B29400C5E6EF /* DynamicTableViewCell */,
				89ED2F7C2992B29600C5E6EF /* DynamicTableViewCellTests */,
				89ED2F862992B29600C5E6EF /* DynamicTableViewCellUITests */,
				89ED2F642992B29400C5E6EF /* Products */,
			);
			sourceTree = "<group>";
		};
		89ED2F642992B29400C5E6EF /* Products */ = {
			isa = PBXGroup;
			children = (
				89ED2F632992B29400C5E6EF /* DynamicTableViewCell.app */,
				89ED2F792992B29600C5E6EF /* DynamicTableViewCellTests.xctest */,
				89ED2F832992B29600C5E6EF /* DynamicTableViewCellUITests.xctest */,
			);
			name = Products;
			sourceTree = "<group>";
		};
		89ED2F652992B29400C5E6EF /* DynamicTableViewCell */ = {
			isa = PBXGroup;
			children = (
				89ED2F9C2992B76D00C5E6EF /* Models */,
				89ED2F962992B2B600C5E6EF /* Views */,
				89ED2F662992B29400C5E6EF /* AppDelegate.swift */,
				89ED2F682992B29400C5E6EF /* SceneDelegate.swift */,
				89ED2F6A2992B29400C5E6EF /* ViewController.swift */,
				89ED2F6C2992B29400C5E6EF /* Main.storyboard */,
				89ED2F6F2992B29600C5E6EF /* Assets.xcassets */,
				89ED2F712992B29600C5E6EF /* LaunchScreen.storyboard */,
				89ED2F742992B29600C5E6EF /* Info.plist */,
			);
			path = DynamicTableViewCell;
			sourceTree = "<group>";
		};
		89ED2F7C2992B29600C5E6EF /* DynamicTableViewCellTests */ = {
			isa = PBXGroup;
			children = (
				89ED2F7D2992B29600C5E6EF /* DynamicTableViewCellTests.swift */,
			);
			path = DynamicTableViewCellTests;
			sourceTree = "<group>";
		};
		89ED2F862992B29600C5E6EF /* DynamicTableViewCellUITests */ = {
			isa = PBXGroup;
			children = (
				89ED2F872992B29600C5E6EF /* DynamicTableViewCellUITests.swift */,
				89ED2F892992B29600C5E6EF /* DynamicTableViewCellUITestsLaunchTests.swift */,
			);
			path = DynamicTableViewCellUITests;
			sourceTree = "<group>";
		};
		89ED2F962992B2B600C5E6EF /* Views */ = {
			isa = PBXGroup;
			children = (
				89ED2F972992B2D500C5E6EF /* CardCell */,
			);
			path = Views;
			sourceTree = "<group>";
		};
		89ED2F972992B2D500C5E6EF /* CardCell */ = {
			isa = PBXGroup;
			children = (
				89ED2F982992B32200C5E6EF /* CardCellTableViewCell.swift */,
				89ED2F992992B32200C5E6EF /* CardCellTableViewCell.xib */,
			);
			path = CardCell;
			sourceTree = "<group>";
		};
		89ED2F9C2992B76D00C5E6EF /* Models */ = {
			isa = PBXGroup;
			children = (
				89ED2F9D2992B77300C5E6EF /* Card */,
			);
			path = Models;
			sourceTree = "<group>";
		};
		89ED2F9D2992B77300C5E6EF /* Card */ = {
			isa = PBXGroup;
			children = (
				89ED2F9E2992B78400C5E6EF /* Card.swift */,
			);
			path = Card;
			sourceTree = "<group>";
		};
/* End PBXGroup section */

/* Begin PBXNativeTarget section */
		89ED2F622992B29400C5E6EF /* DynamicTableViewCell */ = {
			isa = PBXNativeTarget;
			buildConfigurationList = 89ED2F8D2992B29600C5E6EF /* Build configuration list for PBXNativeTarget "DynamicTableViewCell" */;
			buildPhases = (
				89ED2F5F2992B29400C5E6EF /* Sources */,
				89ED2F602992B29400C5E6EF /* Frameworks */,
				89ED2F612992B29400C5E6EF /* Resources */,
			);
			buildRules = (
			);
			dependencies = (
			);
			name = DynamicTableViewCell;
			productName = DynamicTableViewCell;
			productReference = 89ED2F632992B29400C5E6EF /* DynamicTableViewCell.app */;
			productType = "com.apple.product-type.application";
		};
		89ED2F782992B29600C5E6EF /* DynamicTableViewCellTests */ = {
			isa = PBXNativeTarget;
			buildConfigurationList = 89ED2F902992B29600C5E6EF /* Build configuration list for PBXNativeTarget "DynamicTableViewCellTests" */;
			buildPhases = (
				89ED2F752992B29600C5E6EF /* Sources */,
				89ED2F762992B29600C5E6EF /* Frameworks */,
				89ED2F772992B29600C5E6EF /* Resources */,
			);
			buildRules = (
			);
			dependencies = (
				89ED2F7B2992B29600C5E6EF /* PBXTargetDependency */,
			);
			name = DynamicTableViewCellTests;
			productName = DynamicTableViewCellTests;
			productReference = 89ED2F792992B29600C5E6EF /* DynamicTableViewCellTests.xctest */;
			productType = "com.apple.product-type.bundle.unit-test";
		};
		89ED2F822992B29600C5E6EF /* DynamicTableViewCellUITests */ = {
			isa = PBXNativeTarget;
			buildConfigurationList = 89ED2F932992B29600C5E6EF /* Build configuration list for PBXNativeTarget "DynamicTableViewCellUITests" */;
			buildPhases = (
				89ED2F7F2992B29600C5E6EF /* Sources */,
				89ED2F802992B29600C5E6EF /* Frameworks */,
				89ED2F812992B29600C5E6EF /* Resources */,
			);
			buildRules = (
			);
			dependencies = (
				89ED2F852992B29600C5E6EF /* PBXTargetDependency */,
			);
			name = DynamicTableViewCellUITests;
			productName = DynamicTableViewCellUITests;
			productReference = 89ED2F832992B29600C5E6EF /* DynamicTableViewCellUITests.xctest */;
			productType = "com.apple.product-type.bundle.ui-testing";
		};
/* End PBXNativeTarget section */

/* Begin PBXProject section */
		89ED2F5B2992B29400C5E6EF /* Project object */ = {
			isa = PBXProject;
			attributes = {
				BuildIndependentTargetsInParallel = 1;
				LastSwiftUpdateCheck = 1420;
				LastUpgradeCheck = 1420;
				TargetAttributes = {
					89ED2F622992B29400C5E6EF = {
						CreatedOnToolsVersion = 14.2;
					};
					89ED2F782992B29600C5E6EF = {
						CreatedOnToolsVersion = 14.2;
						TestTargetID = 89ED2F622992B29400C5E6EF;
					};
					89ED2F822992B29600C5E6EF = {
						CreatedOnToolsVersion = 14.2;
						TestTargetID = 89ED2F622992B29400C5E6EF;
					};
				};
			};
			buildConfigurationList = 89ED2F5E2992B29400C5E6EF /* Build configuration list for PBXProject "DynamicTableViewCell" */;
			compatibilityVersion = "Xcode 14.0";
			developmentRegion = en;
			hasScannedForEncodings = 0;
			knownRegions = (
				en,
				Base,
			);
			mainGroup = 89ED2F5A2992B29400C5E6EF;
			productRefGroup = 89ED2F642992B29400C5E6EF /* Products */;
			projectDirPath = "";
			projectRoot = "";
			targets = (
				89ED2F622992B29400C5E6EF /* DynamicTableViewCell */,
				89ED2F782992B29600C5E6EF /* DynamicTableViewCellTests */,
				89ED2F822992B29600C5E6EF /* DynamicTableViewCellUITests */,
			);
		};
/* End PBXProject section */

/* Begin PBXResourcesBuildPhase section */
		89ED2F612992B29400C5E6EF /* Resources */ = {
			isa = PBXResourcesBuildPhase;
			buildActionMask = 2147483647;
			files = (
				89ED2F732992B29600C5E6EF /* LaunchScreen.storyboard in Resources */,
				89ED2F702992B29600C5E6EF /* Assets.xcassets in Resources */,
				89ED2F6E2992B29400C5E6EF /* Main.storyboard in Resources */,
				89ED2F9B2992B32200C5E6EF /* CardCellTableViewCell.xib in Resources */,
			);
			runOnlyForDeploymentPostprocessing = 0;
		};
		89ED2F772992B29600C5E6EF /* Resources */ = {
			isa = PBXResourcesBuildPhase;
			buildActionMask = 2147483647;
			files = (
			);
			runOnlyForDeploymentPostprocessing = 0;
		};
		89ED2F812992B29600C5E6EF /* Resources */ = {
			isa = PBXResourcesBuildPhase;
			buildActionMask = 2147483647;
			files = (
			);
			runOnlyForDeploymentPostprocessing = 0;
		};
/* End PBXResourcesBuildPhase section */

/* Begin PBXSourcesBuildPhase section */
		89ED2F5F2992B29400C5E6EF /* Sources */ = {
			isa = PBXSourcesBuildPhase;
			buildActionMask = 2147483647;
			files = (
				89ED2F6B2992B29400C5E6EF /* ViewController.swift in Sources */,
				89ED2F672992B29400C5E6EF /* AppDelegate.swift in Sources */,
				89ED2F9F2992B78400C5E6EF /* Card.swift in Sources */,
				89ED2F692992B29400C5E6EF /* SceneDelegate.swift in Sources */,
				89ED2F9A2992B32200C5E6EF /* CardCellTableViewCell.swift in Sources */,
			);
			runOnlyForDeploymentPostprocessing = 0;
		};
		89ED2F752992B29600C5E6EF /* Sources */ = {
			isa = PBXSourcesBuildPhase;
			buildActionMask = 2147483647;
			files = (
				89ED2F7E2992B29600C5E6EF /* DynamicTableViewCellTests.swift in Sources */,
			);
			runOnlyForDeploymentPostprocessing = 0;
		};
		89ED2F7F2992B29600C5E6EF /* Sources */ = {
			isa = PBXSourcesBuildPhase;
			buildActionMask = 2147483647;
			files = (
				89ED2F8A2992B29600C5E6EF /* DynamicTableViewCellUITestsLaunchTests.swift in Sources */,
				89ED2F882992B29600C5E6EF /* DynamicTableViewCellUITests.swift in Sources */,
			);
			runOnlyForDeploymentPostprocessing = 0;
		};
/* End PBXSourcesBuildPhase section */

/* Begin PBXTargetDependency section */
		89ED2F7B2992B29600C5E6EF /* PBXTargetDependency */ = {
			isa = PBXTargetDependency;
			target = 89ED2F622992B29400C5E6EF /* DynamicTableViewCell */;
			targetProxy = 89ED2F7A2992B29600C5E6EF /* PBXContainerItemProxy */;
		};
		89ED2F852992B29600C5E6EF /* PBXTargetDependency */ = {
			isa = PBXTargetDependency;
			target = 89ED2F622992B29400C5E6EF /* DynamicTableViewCell */;
			targetProxy = 89ED2F842992B29600C5E6EF /* PBXContainerItemProxy */;
		};
/* End PBXTargetDependency section */

/* Begin PBXVariantGroup section */
		89ED2F6C2992B29400C5E6EF /* Main.storyboard */ = {
			isa = PBXVariantGroup;
			children = (
				89ED2F6D2992B29400C5E6EF /* Base */,
			);
			name = Main.storyboard;
			sourceTree = "<group>";
		};
		89ED2F712992B29600C5E6EF /* LaunchScreen.storyboard */ = {
			isa = PBXVariantGroup;
			children = (
				89ED2F722992B29600C5E6EF /* Base */,
			);
			name = LaunchScreen.storyboard;
			sourceTree = "<group>";
		};
/* End PBXVariantGroup section */

/* Begin XCBuildConfiguration section */
		89ED2F8B2992B29600C5E6EF /* Debug */ = {
			isa = XCBuildConfiguration;
			buildSettings = {
				ALWAYS_SEARCH_USER_PATHS = NO;
				CLANG_ANALYZER_NONNULL = YES;
				CLANG_ANALYZER_NUMBER_OBJECT_CONVERSION = YES_AGGRESSIVE;
				CLANG_CXX_LANGUAGE_STANDARD = "gnu++20";
				CLANG_ENABLE_MODULES = YES;
				CLANG_ENABLE_OBJC_ARC = YES;
				CLANG_ENABLE_OBJC_WEAK = YES;
				CLANG_WARN_BLOCK_CAPTURE_AUTORELEASING = YES;
				CLANG_WARN_BOOL_CONVERSION = YES;
				CLANG_WARN_COMMA = YES;
				CLANG_WARN_CONSTANT_CONVERSION = YES;
				CLANG_WARN_DEPRECATED_OBJC_IMPLEMENTATIONS = YES;
				CLANG_WARN_DIRECT_OBJC_ISA_USAGE = YES_ERROR;
				CLANG_WARN_DOCUMENTATION_COMMENTS = YES;
				CLANG_WARN_EMPTY_BODY = YES;
				CLANG_WARN_ENUM_CONVERSION = YES;
				CLANG_WARN_INFINITE_RECURSION = YES;
				CLANG_WARN_INT_CONVERSION = YES;
				CLANG_WARN_NON_LITERAL_NULL_CONVERSION = YES;
				CLANG_WARN_OBJC_IMPLICIT_RETAIN_SELF = YES;
				CLANG_WARN_OBJC_LITERAL_CONVERSION = YES;
				CLANG_WARN_OBJC_ROOT_CLASS = YES_ERROR;
				CLANG_WARN_QUOTED_INCLUDE_IN_FRAMEWORK_HEADER = YES;
				CLANG_WARN_RANGE_LOOP_ANALYSIS = YES;
				CLANG_WARN_STRICT_PROTOTYPES = YES;
				CLANG_WARN_SUSPICIOUS_MOVE = YES;
				CLANG_WARN_UNGUARDED_AVAILABILITY = YES_AGGRESSIVE;
				CLANG_WARN_UNREACHABLE_CODE = YES;
				CLANG_WARN__DUPLICATE_METHOD_MATCH = YES;
				COPY_PHASE_STRIP = NO;
				DEBUG_INFORMATION_FORMAT = dwarf;
				ENABLE_STRICT_OBJC_MSGSEND = YES;
				ENABLE_TESTABILITY = YES;
				GCC_C_LANGUAGE_STANDARD = gnu11;
				GCC_DYNAMIC_NO_PIC = NO;
				GCC_NO_COMMON_BLOCKS = YES;
				GCC_OPTIMIZATION_LEVEL = 0;
				GCC_PREPROCESSOR_DEFINITIONS = (
					"DEBUG=1",
					"$(inherited)",
				);
				GCC_WARN_64_TO_32_BIT_CONVERSION = YES;
				GCC_WARN_ABOUT_RETURN_TYPE = YES_ERROR;
				GCC_WARN_UNDECLARED_SELECTOR = YES;
				GCC_WARN_UNINITIALIZED_AUTOS = YES_AGGRESSIVE;
				GCC_WARN_UNUSED_FUNCTION = YES;
				GCC_WARN_UNUSED_VARIABLE = YES;
				IPHONEOS_DEPLOYMENT_TARGET = 16.2;
				MTL_ENABLE_DEBUG_INFO = INCLUDE_SOURCE;
				MTL_FAST_MATH = YES;
				ONLY_ACTIVE_ARCH = YES;
				SDKROOT = iphoneos;
				SWIFT_ACTIVE_COMPILATION_CONDITIONS = DEBUG;
				SWIFT_OPTIMIZATION_LEVEL = "-Onone";
			};
			name = Debug;
		};
		89ED2F8C2992B29600C5E6EF /* Release */ = {
			isa = XCBuildConfiguration;
			buildSettings = {
				ALWAYS_SEARCH_USER_PATHS = NO;
				CLANG_ANALYZER_NONNULL = YES;
				CLANG_ANALYZER_NUMBER_OBJECT_CONVERSION = YES_AGGRESSIVE;
				CLANG_CXX_LANGUAGE_STANDARD = "gnu++20";
				CLANG_ENABLE_MODULES = YES;
				CLANG_ENABLE_OBJC_ARC = YES;
				CLANG_ENABLE_OBJC_WEAK = YES;
				CLANG_WARN_BLOCK_CAPTURE_AUTORELEASING = YES;
				CLANG_WARN_BOOL_CONVERSION = YES;
				CLANG_WARN_COMMA = YES;
				CLANG_WARN_CONSTANT_CONVERSION = YES;
				CLANG_WARN_DEPRECATED_OBJC_IMPLEMENTATIONS = YES;
				CLANG_WARN_DIRECT_OBJC_ISA_USAGE = YES_ERROR;
				CLANG_WARN_DOCUMENTATION_COMMENTS = YES;
				CLANG_WARN_EMPTY_BODY = YES;
				CLANG_WARN_ENUM_CONVERSION = YES;
				CLANG_WARN_INFINITE_RECURSION = YES;
				CLANG_WARN_INT_CONVERSION = YES;
				CLANG_WARN_NON_LITERAL_NULL_CONVERSION = YES;
				CLANG_WARN_OBJC_IMPLICIT_RETAIN_SELF = YES;
				CLANG_WARN_OBJC_LITERAL_CONVERSION = YES;
				CLANG_WARN_OBJC_ROOT_CLASS = YES_ERROR;
				CLANG_WARN_QUOTED_INCLUDE_IN_FRAMEWORK_HEADER = YES;
				CLANG_WARN_RANGE_LOOP_ANALYSIS = YES;
				CLANG_WARN_STRICT_PROTOTYPES = YES;
				CLANG_WARN_SUSPICIOUS_MOVE = YES;
				CLANG_WARN_UNGUARDED_AVAILABILITY = YES_AGGRESSIVE;
				CLANG_WARN_UNREACHABLE_CODE = YES;
				CLANG_WARN__DUPLICATE_METHOD_MATCH = YES;
				COPY_PHASE_STRIP = NO;
				DEBUG_INFORMATION_FORMAT = "dwarf-with-dsym";
				ENABLE_NS_ASSERTIONS = NO;
				ENABLE_STRICT_OBJC_MSGSEND = YES;
				GCC_C_LANGUAGE_STANDARD = gnu11;
				GCC_NO_COMMON_BLOCKS = YES;
				GCC_WARN_64_TO_32_BIT_CONVERSION = YES;
				GCC_WARN_ABOUT_RETURN_TYPE = YES_ERROR;
				GCC_WARN_UNDECLARED_SELECTOR = YES;
				GCC_WARN_UNINITIALIZED_AUTOS = YES_AGGRESSIVE;
				GCC_WARN_UNUSED_FUNCTION = YES;
				GCC_WARN_UNUSED_VARIABLE = YES;
				IPHONEOS_DEPLOYMENT_TARGET = 16.2;
				MTL_ENABLE_DEBUG_INFO = NO;
				MTL_FAST_MATH = YES;
				SDKROOT = iphoneos;
				SWIFT_COMPILATION_MODE = wholemodule;
				SWIFT_OPTIMIZATION_LEVEL = "-O";
				VALIDATE_PRODUCT = YES;
			};
			name = Release;
		};
		89ED2F8E2992B29600C5E6EF /* Debug */ = {
			isa = XCBuildConfiguration;
			buildSettings = {
				ASSETCATALOG_COMPILER_APPICON_NAME = AppIcon;
				ASSETCATALOG_COMPILER_GLOBAL_ACCENT_COLOR_NAME = AccentColor;
				CODE_SIGN_STYLE = Automatic;
				CURRENT_PROJECT_VERSION = 1;
				DEVELOPMENT_TEAM = W28WX8W2PV;
				GENERATE_INFOPLIST_FILE = YES;
				INFOPLIST_FILE = DynamicTableViewCell/Info.plist;
				INFOPLIST_KEY_UIApplicationSupportsIndirectInputEvents = YES;
				INFOPLIST_KEY_UILaunchStoryboardName = LaunchScreen;
				INFOPLIST_KEY_UIMainStoryboardFile = Main;
				INFOPLIST_KEY_UISupportedInterfaceOrientations_iPad = "UIInterfaceOrientationPortrait UIInterfaceOrientationPortraitUpsideDown UIInterfaceOrientationLandscapeLeft UIInterfaceOrientationLandscapeRight";
				INFOPLIST_KEY_UISupportedInterfaceOrientations_iPhone = "UIInterfaceOrientationPortrait UIInterfaceOrientationLandscapeLeft UIInterfaceOrientationLandscapeRight";
				LD_RUNPATH_SEARCH_PATHS = (
					"$(inherited)",
					"@executable_path/Frameworks",
				);
				MARKETING_VERSION = 1.0;
				PRODUCT_BUNDLE_IDENTIFIER = com.habv90.dynamicTableViewCell.DynamicTableViewCell;
				PRODUCT_NAME = "$(TARGET_NAME)";
				SWIFT_EMIT_LOC_STRINGS = YES;
				SWIFT_VERSION = 5.0;
				TARGETED_DEVICE_FAMILY = "1,2";
			};
			name = Debug;
		};
		89ED2F8F2992B29600C5E6EF /* Release */ = {
			isa = XCBuildConfiguration;
			buildSettings = {
				ASSETCATALOG_COMPILER_APPICON_NAME = AppIcon;
				ASSETCATALOG_COMPILER_GLOBAL_ACCENT_COLOR_NAME = AccentColor;
				CODE_SIGN_STYLE = Automatic;
				CURRENT_PROJECT_VERSION = 1;
				DEVELOPMENT_TEAM = W28WX8W2PV;
				GENERATE_INFOPLIST_FILE = YES;
				INFOPLIST_FILE = DynamicTableViewCell/Info.plist;
				INFOPLIST_KEY_UIApplicationSupportsIndirectInputEvents = YES;
				INFOPLIST_KEY_UILaunchStoryboardName = LaunchScreen;
				INFOPLIST_KEY_UIMainStoryboardFile = Main;
				INFOPLIST_KEY_UISupportedInterfaceOrientations_iPad = "UIInterfaceOrientationPortrait UIInterfaceOrientationPortraitUpsideDown UIInterfaceOrientationLandscapeLeft UIInterfaceOrientationLandscapeRight";
				INFOPLIST_KEY_UISupportedInterfaceOrientations_iPhone = "UIInterfaceOrientationPortrait UIInterfaceOrientationLandscapeLeft UIInterfaceOrientationLandscapeRight";
				LD_RUNPATH_SEARCH_PATHS = (
					"$(inherited)",
					"@executable_path/Frameworks",
				);
				MARKETING_VERSION = 1.0;
				PRODUCT_BUNDLE_IDENTIFIER = com.habv90.dynamicTableViewCell.DynamicTableViewCell;
				PRODUCT_NAME = "$(TARGET_NAME)";
				SWIFT_EMIT_LOC_STRINGS = YES;
				SWIFT_VERSION = 5.0;
				TARGETED_DEVICE_FAMILY = "1,2";
			};
			name = Release;
		};
		89ED2F912992B29600C5E6EF /* Debug */ = {
			isa = XCBuildConfiguration;
			buildSettings = {
				ALWAYS_EMBED_SWIFT_STANDARD_LIBRARIES = YES;
				BUNDLE_LOADER = "$(TEST_HOST)";
				CODE_SIGN_STYLE = Automatic;
				CURRENT_PROJECT_VERSION = 1;
				DEVELOPMENT_TEAM = W28WX8W2PV;
				GENERATE_INFOPLIST_FILE = YES;
				IPHONEOS_DEPLOYMENT_TARGET = 16.2;
				MARKETING_VERSION = 1.0;
				PRODUCT_BUNDLE_IDENTIFIER = com.habv90.dynamicTableViewCell.DynamicTableViewCellTests;
				PRODUCT_NAME = "$(TARGET_NAME)";
				SWIFT_EMIT_LOC_STRINGS = NO;
				SWIFT_VERSION = 5.0;
				TARGETED_DEVICE_FAMILY = "1,2";
				TEST_HOST = "$(BUILT_PRODUCTS_DIR)/DynamicTableViewCell.app/$(BUNDLE_EXECUTABLE_FOLDER_PATH)/DynamicTableViewCell";
			};
			name = Debug;
		};
		89ED2F922992B29600C5E6EF /* Release */ = {
			isa = XCBuildConfiguration;
			buildSettings = {
				ALWAYS_EMBED_SWIFT_STANDARD_LIBRARIES = YES;
				BUNDLE_LOADER = "$(TEST_HOST)";
				CODE_SIGN_STYLE = Automatic;
				CURRENT_PROJECT_VERSION = 1;
				DEVELOPMENT_TEAM = W28WX8W2PV;
				GENERATE_INFOPLIST_FILE = YES;
				IPHONEOS_DEPLOYMENT_TARGET = 16.2;
				MARKETING_VERSION = 1.0;
				PRODUCT_BUNDLE_IDENTIFIER = com.habv90.dynamicTableViewCell.DynamicTableViewCellTests;
				PRODUCT_NAME = "$(TARGET_NAME)";
				SWIFT_EMIT_LOC_STRINGS = NO;
				SWIFT_VERSION = 5.0;
				TARGETED_DEVICE_FAMILY = "1,2";
				TEST_HOST = "$(BUILT_PRODUCTS_DIR)/DynamicTableViewCell.app/$(BUNDLE_EXECUTABLE_FOLDER_PATH)/DynamicTableViewCell";
			};
			name = Release;
		};
		89ED2F942992B29600C5E6EF /* Debug */ = {
			isa = XCBuildConfiguration;
			buildSettings = {
				ALWAYS_EMBED_SWIFT_STANDARD_LIBRARIES = YES;
				CODE_SIGN_STYLE = Automatic;
				CURRENT_PROJECT_VERSION = 1;
				DEVELOPMENT_TEAM = W28WX8W2PV;
				GENERATE_INFOPLIST_FILE = YES;
				MARKETING_VERSION = 1.0;
				PRODUCT_BUNDLE_IDENTIFIER = com.habv90.dynamicTableViewCell.DynamicTableViewCellUITests;
				PRODUCT_NAME = "$(TARGET_NAME)";
				SWIFT_EMIT_LOC_STRINGS = NO;
				SWIFT_VERSION = 5.0;
				TARGETED_DEVICE_FAMILY = "1,2";
				TEST_TARGET_NAME = DynamicTableViewCell;
			};
			name = Debug;
		};
		89ED2F952992B29600C5E6EF /* Release */ = {
			isa = XCBuildConfiguration;
			buildSettings = {
				ALWAYS_EMBED_SWIFT_STANDARD_LIBRARIES = YES;
				CODE_SIGN_STYLE = Automatic;
				CURRENT_PROJECT_VERSION = 1;
				DEVELOPMENT_TEAM = W28WX8W2PV;
				GENERATE_INFOPLIST_FILE = YES;
				MARKETING_VERSION = 1.0;
				PRODUCT_BUNDLE_IDENTIFIER = com.habv90.dynamicTableViewCell.DynamicTableViewCellUITests;
				PRODUCT_NAME = "$(TARGET_NAME)";
				SWIFT_EMIT_LOC_STRINGS = NO;
				SWIFT_VERSION = 5.0;
				TARGETED_DEVICE_FAMILY = "1,2";
				TEST_TARGET_NAME = DynamicTableViewCell;
			};
			name = Release;
		};
/* End XCBuildConfiguration section */

/* Begin XCConfigurationList section */
		89ED2F5E2992B29400C5E6EF /* Build configuration list for PBXProject "DynamicTableViewCell" */ = {
			isa = XCConfigurationList;
			buildConfigurations = (
				89ED2F8B2992B29600C5E6EF /* Debug */,
				89ED2F8C2992B29600C5E6EF /* Release */,
			);
			defaultConfigurationIsVisible = 0;
			defaultConfigurationName = Release;
		};
		89ED2F8D2992B29600C5E6EF /* Build configuration list for PBXNativeTarget "DynamicTableViewCell" */ = {
			isa = XCConfigurationList;
			buildConfigurations = (
				89ED2F8E2992B29600C5E6EF /* Debug */,
				89ED2F8F2992B29600C5E6EF /* Release */,
			);
			defaultConfigurationIsVisible = 0;
			defaultConfigurationName = Release;
		};
		89ED2F902992B29600C5E6EF /* Build configuration list for PBXNativeTarget "DynamicTableViewCellTests" */ = {
			isa = XCConfigurationList;
			buildConfigurations = (
				89ED2F912992B29600C5E6EF /* Debug */,
				89ED2F922992B29600C5E6EF /* Release */,
			);
			defaultConfigurationIsVisible = 0;
			defaultConfigurationName = Release;
		};
		89ED2F932992B29600C5E6EF /* Build configuration list for PBXNativeTarget "DynamicTableViewCellUITests" */ = {
			isa = XCConfigurationList;
			buildConfigurations = (
				89ED2F942992B29600C5E6EF /* Debug */,
				89ED2F952992B29600C5E6EF /* Release */,
			);
			defaultConfigurationIsVisible = 0;
			defaultConfigurationName = Release;
		};
/* End XCConfigurationList section */
	};
	rootObject = 89ED2F5B2992B29400C5E6EF /* Project object */;
}
